# THIS IS AN AUTOGENERATED FILE. DO NOT EDIT THIS FILE DIRECTLY.
# yarn lockfile v1


"@fntools/crypto@^0.0.5":
  version "0.0.5"
  resolved "https://registry.npmjs.org/@fntools/crypto/-/crypto-0.0.5.tgz"
  integrity sha512-OW9NwfzMSOwQJVgMW30IFEnlMvsMtMzEOd4yAol7bz14WNDhk8sNNXcgv6fUSWZe2dcwcHoNWa3vuvlCdamxgw==
  dependencies:
    crypto-js "^4.1.1"

crypto-js@^4.1.1:
  version "4.1.1"
  resolved "https://registry.npmjs.org/crypto-js/-/crypto-js-4.1.1.tgz"
  integrity sha512-o2JlM7ydqd3Qk9CA0L4NL6mTzU2sdx96a+oOfPu8Mkl/PK51vSyoi8/rQ8NknZtk44vq15lmhAj9CIAGwgeWKw==
